
Microsoft Visual Studio Solution File, Format Version 12.00
# Visual Studio 15
VisualStudioVersion = 15.0.28307.168
MinimumVisualStudioVersion = 10.0.40219.1
Project("{9A19103F-16F7-4668-BE54-9A1E7A4F7556}") = "AspNetCore.EventLog", "src\AspNetCore.EventLog\AspNetCore.EventLog.csproj", "{CFDD3750-7A9A-4551-82B5-6818772E7226}"
EndProject
Project("{2150E333-8FDC-42A3-9474-1A3956D46DE8}") = "src", "src", "{94C1609A-2377-4625-903C-132BD348688E}"
EndProject
Project("{9A19103F-16F7-4668-BE54-9A1E7A4F7556}") = "AspNetCore.EventLog.Abstractions", "src\AspNetCore.EventLog.Abstractions\AspNetCore.EventLog.Abstractions.csproj", "{EC5C1065-AA69-410B-A1D6-B1BCFEF45939}"
EndProject
Project("{9A19103F-16F7-4668-BE54-9A1E7A4F7556}") = "AspNetCore.EventLog.RabbitMQ", "src\AspNetCore.EventLog.RabbitMQ\AspNetCore.EventLog.RabbitMQ.csproj", "{0F0CCFEC-09D1-4CEC-A67E-15A90E074144}"
EndProject
Project("{2150E333-8FDC-42A3-9474-1A3956D46DE8}") = "test", "test", "{88D7082B-9E06-4739-AA0E-ABCA6B7FA7C2}"
EndProject
Project("{9A19103F-16F7-4668-BE54-9A1E7A4F7556}") = "AspNetCore.EventLog.Entities", "src\AspNetCore.EventLog.Entities\AspNetCore.EventLog.Entities.csproj", "{2137CBF4-163F-4C4A-AC7E-5DF21850BFAC}"
EndProject
Project("{9A19103F-16F7-4668-BE54-9A1E7A4F7556}") = "AspNetCore.EventLog.PostgreSQL", "src\AspNetCore.EventLog.PostgreSQL\AspNetCore.EventLog.PostgreSQL.csproj", "{72EF85F9-AC06-40E1-A825-25A5EEEFC2A3}"
EndProject
Project("{9A19103F-16F7-4668-BE54-9A1E7A4F7556}") = "AspNetCore.EventLog.Core", "src\AspNetCore.EventLog.Core\AspNetCore.EventLog.Core.csproj", "{0679D195-91D5-4CCE-B0F8-E259E893C5CD}"
EndProject
Project("{9A19103F-16F7-4668-BE54-9A1E7A4F7556}") = "AspNetCore.EventLog.EventBus.Test", "test\AspNetCore.EventLog.EventBus.Test\AspNetCore.EventLog.EventBus.Test.csproj", "{9A4AA348-6E3C-43A1-9F77-335F4EF02608}"
EndProject
Project("{2150E333-8FDC-42A3-9474-1A3956D46DE8}") = "Solution Items", "Solution Items", "{B94D116D-193D-42AD-ADA2-86F7968E181F}"
	ProjectSection(SolutionItems) = preProject
		.nuspec = .nuspec
		.travis.yml = .travis.yml
	EndProjectSection
EndProject
Project("{2150E333-8FDC-42A3-9474-1A3956D46DE8}") = "sample", "sample", "{DC66F7A4-839E-417A-94E2-2FE1694AA729}"
EndProject
Project("{FAE04EC0-301F-11D3-BF4B-00C04F79EFBC}") = "AspNetCore.EventLog.Sample1", "sample\AspNetCore.EventLog.Sample1\AspNetCore.EventLog.Sample1.csproj", "{3FB69546-5816-4EF2-86E1-D08509BBB394}"
EndProject
Project("{E53339B2-1760-4266-BCC7-CA923CBCF16C}") = "docker-compose", "sample\docker-compose.dcproj", "{58CC87E0-7228-4F2F-97A8-E755479B80A5}"
EndProject
Global
	GlobalSection(SolutionConfigurationPlatforms) = preSolution
		Debug|Any CPU = Debug|Any CPU
		Debug|x64 = Debug|x64
		Debug|x86 = Debug|x86
		Release|Any CPU = Release|Any CPU
		Release|x64 = Release|x64
		Release|x86 = Release|x86
	EndGlobalSection
	GlobalSection(ProjectConfigurationPlatforms) = postSolution
		{CFDD3750-7A9A-4551-82B5-6818772E7226}.Debug|Any CPU.ActiveCfg = Debug|Any CPU
		{CFDD3750-7A9A-4551-82B5-6818772E7226}.Debug|Any CPU.Build.0 = Debug|Any CPU
		{CFDD3750-7A9A-4551-82B5-6818772E7226}.Debug|x64.ActiveCfg = Debug|Any CPU
		{CFDD3750-7A9A-4551-82B5-6818772E7226}.Debug|x64.Build.0 = Debug|Any CPU
		{CFDD3750-7A9A-4551-82B5-6818772E7226}.Debug|x86.ActiveCfg = Debug|Any CPU
		{CFDD3750-7A9A-4551-82B5-6818772E7226}.Debug|x86.Build.0 = Debug|Any CPU
		{CFDD3750-7A9A-4551-82B5-6818772E7226}.Release|Any CPU.ActiveCfg = Release|Any CPU
		{CFDD3750-7A9A-4551-82B5-6818772E7226}.Release|Any CPU.Build.0 = Release|Any CPU
		{CFDD3750-7A9A-4551-82B5-6818772E7226}.Release|x64.ActiveCfg = Release|Any CPU
		{CFDD3750-7A9A-4551-82B5-6818772E7226}.Release|x64.Build.0 = Release|Any CPU
		{CFDD3750-7A9A-4551-82B5-6818772E7226}.Release|x86.ActiveCfg = Release|Any CPU
		{CFDD3750-7A9A-4551-82B5-6818772E7226}.Release|x86.Build.0 = Release|Any CPU
		{EC5C1065-AA69-410B-A1D6-B1BCFEF45939}.Debug|Any CPU.ActiveCfg = Debug|Any CPU
		{EC5C1065-AA69-410B-A1D6-B1BCFEF45939}.Debug|Any CPU.Build.0 = Debug|Any CPU
		{EC5C1065-AA69-410B-A1D6-B1BCFEF45939}.Debug|x64.ActiveCfg = Debug|Any CPU
		{EC5C1065-AA69-410B-A1D6-B1BCFEF45939}.Debug|x64.Build.0 = Debug|Any CPU
		{EC5C1065-AA69-410B-A1D6-B1BCFEF45939}.Debug|x86.ActiveCfg = Debug|Any CPU
		{EC5C1065-AA69-410B-A1D6-B1BCFEF45939}.Debug|x86.Build.0 = Debug|Any CPU
		{EC5C1065-AA69-410B-A1D6-B1BCFEF45939}.Release|Any CPU.ActiveCfg = Release|Any CPU
		{EC5C1065-AA69-410B-A1D6-B1BCFEF45939}.Release|Any CPU.Build.0 = Release|Any CPU
		{EC5C1065-AA69-410B-A1D6-B1BCFEF45939}.Release|x64.ActiveCfg = Release|Any CPU
		{EC5C1065-AA69-410B-A1D6-B1BCFEF45939}.Release|x64.Build.0 = Release|Any CPU
		{EC5C1065-AA69-410B-A1D6-B1BCFEF45939}.Release|x86.ActiveCfg = Release|Any CPU
		{EC5C1065-AA69-410B-A1D6-B1BCFEF45939}.Release|x86.Build.0 = Release|Any CPU
		{0F0CCFEC-09D1-4CEC-A67E-15A90E074144}.Debug|Any CPU.ActiveCfg = Debug|Any CPU
		{0F0CCFEC-09D1-4CEC-A67E-15A90E074144}.Debug|Any CPU.Build.0 = Debug|Any CPU
		{0F0CCFEC-09D1-4CEC-A67E-15A90E074144}.Debug|x64.ActiveCfg = Debug|Any CPU
		{0F0CCFEC-09D1-4CEC-A67E-15A90E074144}.Debug|x64.Build.0 = Debug|Any CPU
		{0F0CCFEC-09D1-4CEC-A67E-15A90E074144}.Debug|x86.ActiveCfg = Debug|Any CPU
		{0F0CCFEC-09D1-4CEC-A67E-15A90E074144}.Debug|x86.Build.0 = Debug|Any CPU
		{0F0CCFEC-09D1-4CEC-A67E-15A90E074144}.Release|Any CPU.ActiveCfg = Release|Any CPU
		{0F0CCFEC-09D1-4CEC-A67E-15A90E074144}.Release|Any CPU.Build.0 = Release|Any CPU
		{0F0CCFEC-09D1-4CEC-A67E-15A90E074144}.Release|x64.ActiveCfg = Release|Any CPU
		{0F0CCFEC-09D1-4CEC-A67E-15A90E074144}.Release|x64.Build.0 = Release|Any CPU
		{0F0CCFEC-09D1-4CEC-A67E-15A90E074144}.Release|x86.ActiveCfg = Release|Any CPU
		{0F0CCFEC-09D1-4CEC-A67E-15A90E074144}.Release|x86.Build.0 = Release|Any CPU
		{2137CBF4-163F-4C4A-AC7E-5DF21850BFAC}.Debug|Any CPU.ActiveCfg = Debug|Any CPU
		{2137CBF4-163F-4C4A-AC7E-5DF21850BFAC}.Debug|Any CPU.Build.0 = Debug|Any CPU
		{2137CBF4-163F-4C4A-AC7E-5DF21850BFAC}.Debug|x64.ActiveCfg = Debug|Any CPU
		{2137CBF4-163F-4C4A-AC7E-5DF21850BFAC}.Debug|x64.Build.0 = Debug|Any CPU
		{2137CBF4-163F-4C4A-AC7E-5DF21850BFAC}.Debug|x86.ActiveCfg = Debug|Any CPU
		{2137CBF4-163F-4C4A-AC7E-5DF21850BFAC}.Debug|x86.Build.0 = Debug|Any CPU
		{2137CBF4-163F-4C4A-AC7E-5DF21850BFAC}.Release|Any CPU.ActiveCfg = Release|Any CPU
		{2137CBF4-163F-4C4A-AC7E-5DF21850BFAC}.Release|Any CPU.Build.0 = Release|Any CPU
		{2137CBF4-163F-4C4A-AC7E-5DF21850BFAC}.Release|x64.ActiveCfg = Release|Any CPU
		{2137CBF4-163F-4C4A-AC7E-5DF21850BFAC}.Release|x64.Build.0 = Release|Any CPU
		{2137CBF4-163F-4C4A-AC7E-5DF21850BFAC}.Release|x86.ActiveCfg = Release|Any CPU
		{2137CBF4-163F-4C4A-AC7E-5DF21850BFAC}.Release|x86.Build.0 = Release|Any CPU
		{72EF85F9-AC06-40E1-A825-25A5EEEFC2A3}.Debug|Any CPU.ActiveCfg = Debug|Any CPU
		{72EF85F9-AC06-40E1-A825-25A5EEEFC2A3}.Debug|Any CPU.Build.0 = Debug|Any CPU
		{72EF85F9-AC06-40E1-A825-25A5EEEFC2A3}.Debug|x64.ActiveCfg = Debug|Any CPU
		{72EF85F9-AC06-40E1-A825-25A5EEEFC2A3}.Debug|x64.Build.0 = Debug|Any CPU
		{72EF85F9-AC06-40E1-A825-25A5EEEFC2A3}.Debug|x86.ActiveCfg = Debug|Any CPU
		{72EF85F9-AC06-40E1-A825-25A5EEEFC2A3}.Debug|x86.Build.0 = Debug|Any CPU
		{72EF85F9-AC06-40E1-A825-25A5EEEFC2A3}.Release|Any CPU.ActiveCfg = Release|Any CPU
		{72EF85F9-AC06-40E1-A825-25A5EEEFC2A3}.Release|Any CPU.Build.0 = Release|Any CPU
		{72EF85F9-AC06-40E1-A825-25A5EEEFC2A3}.Release|x64.ActiveCfg = Release|Any CPU
		{72EF85F9-AC06-40E1-A825-25A5EEEFC2A3}.Release|x64.Build.0 = Release|Any CPU
		{72EF85F9-AC06-40E1-A825-25A5EEEFC2A3}.Release|x86.ActiveCfg = Release|Any CPU
		{72EF85F9-AC06-40E1-A825-25A5EEEFC2A3}.Release|x86.Build.0 = Release|Any CPU
		{0679D195-91D5-4CCE-B0F8-E259E893C5CD}.Debug|Any CPU.ActiveCfg = Debug|Any CPU
		{0679D195-91D5-4CCE-B0F8-E259E893C5CD}.Debug|Any CPU.Build.0 = Debug|Any CPU
		{0679D195-91D5-4CCE-B0F8-E259E893C5CD}.Debug|x64.ActiveCfg = Debug|Any CPU
		{0679D195-91D5-4CCE-B0F8-E259E893C5CD}.Debug|x64.Build.0 = Debug|Any CPU
		{0679D195-91D5-4CCE-B0F8-E259E893C5CD}.Debug|x86.ActiveCfg = Debug|Any CPU
		{0679D195-91D5-4CCE-B0F8-E259E893C5CD}.Debug|x86.Build.0 = Debug|Any CPU
		{0679D195-91D5-4CCE-B0F8-E259E893C5CD}.Release|Any CPU.ActiveCfg = Release|Any CPU
		{0679D195-91D5-4CCE-B0F8-E259E893C5CD}.Release|Any CPU.Build.0 = Release|Any CPU
		{0679D195-91D5-4CCE-B0F8-E259E893C5CD}.Release|x64.ActiveCfg = Release|Any CPU
		{0679D195-91D5-4CCE-B0F8-E259E893C5CD}.Release|x64.Build.0 = Release|Any CPU
		{0679D195-91D5-4CCE-B0F8-E259E893C5CD}.Release|x86.ActiveCfg = Release|Any CPU
		{0679D195-91D5-4CCE-B0F8-E259E893C5CD}.Release|x86.Build.0 = Release|Any CPU
		{9A4AA348-6E3C-43A1-9F77-335F4EF02608}.Debug|Any CPU.ActiveCfg = Debug|Any CPU
		{9A4AA348-6E3C-43A1-9F77-335F4EF02608}.Debug|Any CPU.Build.0 = Debug|Any CPU
		{9A4AA348-6E3C-43A1-9F77-335F4EF02608}.Debug|x64.ActiveCfg = Debug|Any CPU
		{9A4AA348-6E3C-43A1-9F77-335F4EF02608}.Debug|x64.Build.0 = Debug|Any CPU
		{9A4AA348-6E3C-43A1-9F77-335F4EF02608}.Debug|x86.ActiveCfg = Debug|Any CPU
		{9A4AA348-6E3C-43A1-9F77-335F4EF02608}.Debug|x86.Build.0 = Debug|Any CPU
		{9A4AA348-6E3C-43A1-9F77-335F4EF02608}.Release|Any CPU.ActiveCfg = Release|Any CPU
		{9A4AA348-6E3C-43A1-9F77-335F4EF02608}.Release|Any CPU.Build.0 = Release|Any CPU
		{9A4AA348-6E3C-43A1-9F77-335F4EF02608}.Release|x64.ActiveCfg = Release|Any CPU
		{9A4AA348-6E3C-43A1-9F77-335F4EF02608}.Release|x64.Build.0 = Release|Any CPU
		{9A4AA348-6E3C-43A1-9F77-335F4EF02608}.Release|x86.ActiveCfg = Release|Any CPU
		{9A4AA348-6E3C-43A1-9F77-335F4EF02608}.Release|x86.Build.0 = Release|Any CPU
		{3FB69546-5816-4EF2-86E1-D08509BBB394}.Debug|Any CPU.ActiveCfg = Debug|Any CPU
		{3FB69546-5816-4EF2-86E1-D08509BBB394}.Debug|Any CPU.Build.0 = Debug|Any CPU
		{3FB69546-5816-4EF2-86E1-D08509BBB394}.Debug|x64.ActiveCfg = Debug|Any CPU
		{3FB69546-5816-4EF2-86E1-D08509BBB394}.Debug|x64.Build.0 = Debug|Any CPU
		{3FB69546-5816-4EF2-86E1-D08509BBB394}.Debug|x86.ActiveCfg = Debug|Any CPU
		{3FB69546-5816-4EF2-86E1-D08509BBB394}.Debug|x86.Build.0 = Debug|Any CPU
		{3FB69546-5816-4EF2-86E1-D08509BBB394}.Release|Any CPU.ActiveCfg = Release|Any CPU
		{3FB69546-5816-4EF2-86E1-D08509BBB394}.Release|Any CPU.Build.0 = Release|Any CPU
		{3FB69546-5816-4EF2-86E1-D08509BBB394}.Release|x64.ActiveCfg = Release|Any CPU
		{3FB69546-5816-4EF2-86E1-D08509BBB394}.Release|x64.Build.0 = Release|Any CPU
		{3FB69546-5816-4EF2-86E1-D08509BBB394}.Release|x86.ActiveCfg = Release|Any CPU
		{3FB69546-5816-4EF2-86E1-D08509BBB394}.Release|x86.Build.0 = Release|Any CPU
		{58CC87E0-7228-4F2F-97A8-E755479B80A5}.Debug|Any CPU.ActiveCfg = Debug|Any CPU
		{58CC87E0-7228-4F2F-97A8-E755479B80A5}.Debug|Any CPU.Build.0 = Debug|Any CPU
		{58CC87E0-7228-4F2F-97A8-E755479B80A5}.Debug|x64.ActiveCfg = Debug|Any CPU
		{58CC87E0-7228-4F2F-97A8-E755479B80A5}.Debug|x64.Build.0 = Debug|Any CPU
		{58CC87E0-7228-4F2F-97A8-E755479B80A5}.Debug|x86.ActiveCfg = Debug|Any CPU
		{58CC87E0-7228-4F2F-97A8-E755479B80A5}.Debug|x86.Build.0 = Debug|Any CPU
		{58CC87E0-7228-4F2F-97A8-E755479B80A5}.Release|Any CPU.ActiveCfg = Release|Any CPU
		{58CC87E0-7228-4F2F-97A8-E755479B80A5}.Release|Any CPU.Build.0 = Release|Any CPU
		{58CC87E0-7228-4F2F-97A8-E755479B80A5}.Release|x64.ActiveCfg = Release|Any CPU
		{58CC87E0-7228-4F2F-97A8-E755479B80A5}.Release|x64.Build.0 = Release|Any CPU
		{58CC87E0-7228-4F2F-97A8-E755479B80A5}.Release|x86.ActiveCfg = Release|Any CPU
		{58CC87E0-7228-4F2F-97A8-E755479B80A5}.Release|x86.Build.0 = Release|Any CPU
	EndGlobalSection
	GlobalSection(SolutionProperties) = preSolution
		HideSolutionNode = FALSE
	EndGlobalSection
	GlobalSection(NestedProjects) = preSolution
		{CFDD3750-7A9A-4551-82B5-6818772E7226} = {94C1609A-2377-4625-903C-132BD348688E}
		{EC5C1065-AA69-410B-A1D6-B1BCFEF45939} = {94C1609A-2377-4625-903C-132BD348688E}
		{0F0CCFEC-09D1-4CEC-A67E-15A90E074144} = {94C1609A-2377-4625-903C-132BD348688E}
		{2137CBF4-163F-4C4A-AC7E-5DF21850BFAC} = {94C1609A-2377-4625-903C-132BD348688E}
		{72EF85F9-AC06-40E1-A825-25A5EEEFC2A3} = {94C1609A-2377-4625-903C-132BD348688E}
		{0679D195-91D5-4CCE-B0F8-E259E893C5CD} = {94C1609A-2377-4625-903C-132BD348688E}
		{9A4AA348-6E3C-43A1-9F77-335F4EF02608} = {88D7082B-9E06-4739-AA0E-ABCA6B7FA7C2}
		{3FB69546-5816-4EF2-86E1-D08509BBB394} = {DC66F7A4-839E-417A-94E2-2FE1694AA729}
		{58CC87E0-7228-4F2F-97A8-E755479B80A5} = {DC66F7A4-839E-417A-94E2-2FE1694AA729}
	EndGlobalSection
	GlobalSection(ExtensibilityGlobals) = postSolution
		SolutionGuid = {2622969C-DAFB-4A8E-A2B0-7B29EC9F1C17}
	EndGlobalSection
EndGlobal
